
Microsoft Visual Studio Solution File, Format Version 12.00
# Visual Studio Version 17
VisualStudioVersion = 17.5.002.0
MinimumVisualStudioVersion = 10.0.40219.1
Project("{9A19103F-16F7-4668-BE54-9A1E7A4F7556}") = "Ders1_MainNedir", "Ders1_MainNedir\Ders1_MainNedir.csproj", "{FA677193-2783-4F39-A149-21181C2498C0}"
EndProject
Project("{9A19103F-16F7-4668-BE54-9A1E7A4F7556}") = "Ders2_Degiskenler", "Ders2_Degiskenler\Ders2_Degiskenler.csproj", "{7A4DC2AB-CC4D-4033-B61D-B81BE8A3A85D}"
EndProject
Project("{9A19103F-16F7-4668-BE54-9A1E7A4F7556}") = "Ders3_KodKonsepti", "Ders3_KodKonsepti\Ders3_KodKonsepti.csproj", "{A2544925-1383-4091-B9DC-D517C902B014}"
EndProject
Project("{9A19103F-16F7-4668-BE54-9A1E7A4F7556}") = "Ders4_TurDonusumleri", "Ders4_TurDonusumleri\Ders4_TurDonusumleri.csproj", "{E7D1659C-DEEC-4696-95B9-B0673F92C13F}"
EndProject
Project("{9A19103F-16F7-4668-BE54-9A1E7A4F7556}") = "Ders5_Operatorler", "Ders5_Operatorler\Ders5_Operatorler.csproj", "{09DCF29B-037A-4FEA-8EC0-3164FEE53F50}"
EndProject
Project("{9A19103F-16F7-4668-BE54-9A1E7A4F7556}") = "Ders6_AkisKontrolMekanizmalari", "Ders6_AkisKontrolMekanizmalari\Ders6_AkisKontrolMekanizmalari.csproj", "{BE5A0B7C-B18C-4770-A30D-C648612E6B48}"
EndProject
Project("{9A19103F-16F7-4668-BE54-9A1E7A4F7556}") = "Ders7_HataKontrolMekanizmalari", "Ders7_HataKontrolMekanizmalari\Ders7_HataKontrolMekanizmalari.csproj", "{28211AA5-A97A-4B0E-944D-B5D8E8D84E9A}"
EndProject
Project("{9A19103F-16F7-4668-BE54-9A1E7A4F7556}") = "Ders0_GirisVeEkstralar", "Ders0_GirisVeEkstralar\Ders0_GirisVeEkstralar.csproj", "{CAF33C0E-1046-420C-B115-A54032978EB1}"
EndProject
Project("{9A19103F-16F7-4668-BE54-9A1E7A4F7556}") = "Ders8_Donguler", "Ders8_Donguler\Ders8_Donguler.csproj", "{866123C8-3767-4B2E-9B0C-190C0C06D42D}"
EndProject
Project("{9A19103F-16F7-4668-BE54-9A1E7A4F7556}") = "Ders9_Keywordler", "Ders9_Keywordler\Ders9_Keywordler.csproj", "{18A9E4EE-C784-444D-B658-F980212EB8D4}"
EndProject
Project("{9A19103F-16F7-4668-BE54-9A1E7A4F7556}") = "Ders10_YardımcıManevratikKomutlar", "Ders10_YardımcıManevratikKomutlar\Ders10_YardımcıManevratikKomutlar.csproj", "{0F67BD8B-E424-4F0F-B798-0C185C11064D}"
EndProject
Project("{9A19103F-16F7-4668-BE54-9A1E7A4F7556}") = "Ders11_Diziler", "Ders11_Diziler\Ders11_Diziler.csproj", "{983FE680-BD2D-4BAE-9092-4DFEC04C4A44}"
EndProject
Project("{9A19103F-16F7-4668-BE54-9A1E7A4F7556}") = "Ders12_StringTuru", "Ders12_StringTuru\Ders12_StringTuru.csproj", "{0723E0FA-BA7F-44AC-9EDE-2FA143317850}"
EndProject
Project("{9A19103F-16F7-4668-BE54-9A1E7A4F7556}") = "Ders13_DizilerdeVeriselPerformans", "Ders13_DizilerdeVeriselPerformans\Ders13_DizilerdeVeriselPerformans.csproj", "{B94A69AD-CF33-439F-B0E3-35CA3EFEB9B7}"
EndProject
Project("{9A19103F-16F7-4668-BE54-9A1E7A4F7556}") = "Ders14_SpanMemoryTurleri", "Ders14_SpanMemoryTurleri\Ders14_SpanMemoryTurleri.csproj", "{AFD7A43E-8498-4E86-A461-EF1440D2F12E}"
EndProject
Project("{9A19103F-16F7-4668-BE54-9A1E7A4F7556}") = "Ders15_RegularExpressions", "Ders15_RegularExpressions\Ders15_RegularExpressions.csproj", "{199CCDC9-1795-4DBA-8E67-39ADF7B416A5}"
EndProject
Project("{9A19103F-16F7-4668-BE54-9A1E7A4F7556}") = "Ders16_Koleksiyonlar", "Ders16_Koleksiyonlar\Ders16_Koleksiyonlar.csproj", "{BB672971-724E-444C-BD91-81F2A8F7C3F8}"
EndProject
Project("{9A19103F-16F7-4668-BE54-9A1E7A4F7556}") = "Ders17_Iterasyon", "Ders17_Iterasyon\Ders17_Iterasyon.csproj", "{480A3DD1-FF9E-4030-AAFF-27A12553EDF0}"
EndProject
Project("{9A19103F-16F7-4668-BE54-9A1E7A4F7556}") = "Ders18_HazirSinifVeFonksiyonlar", "Ders18_HazirSinifVeFonksiyonlar\Ders18_HazirSinifVeFonksiyonlar.csproj", "{DD8A2601-2CC1-4288-8C89-E2C4E5DC1A75}"
EndProject
Global
	GlobalSection(SolutionConfigurationPlatforms) = preSolution
		Debug|Any CPU = Debug|Any CPU
		Release|Any CPU = Release|Any CPU
	EndGlobalSection
	GlobalSection(ProjectConfigurationPlatforms) = postSolution
		{FA677193-2783-4F39-A149-21181C2498C0}.Debug|Any CPU.ActiveCfg = Debug|Any CPU
		{FA677193-2783-4F39-A149-21181C2498C0}.Debug|Any CPU.Build.0 = Debug|Any CPU
		{FA677193-2783-4F39-A149-21181C2498C0}.Release|Any CPU.ActiveCfg = Release|Any CPU
		{FA677193-2783-4F39-A149-21181C2498C0}.Release|Any CPU.Build.0 = Release|Any CPU
		{7A4DC2AB-CC4D-4033-B61D-B81BE8A3A85D}.Debug|Any CPU.ActiveCfg = Debug|Any CPU
		{7A4DC2AB-CC4D-4033-B61D-B81BE8A3A85D}.Debug|Any CPU.Build.0 = Debug|Any CPU
		{7A4DC2AB-CC4D-4033-B61D-B81BE8A3A85D}.Release|Any CPU.ActiveCfg = Release|Any CPU
		{7A4DC2AB-CC4D-4033-B61D-B81BE8A3A85D}.Release|Any CPU.Build.0 = Release|Any CPU
		{A2544925-1383-4091-B9DC-D517C902B014}.Debug|Any CPU.ActiveCfg = Debug|Any CPU
		{A2544925-1383-4091-B9DC-D517C902B014}.Debug|Any CPU.Build.0 = Debug|Any CPU
		{A2544925-1383-4091-B9DC-D517C902B014}.Release|Any CPU.ActiveCfg = Release|Any CPU
		{A2544925-1383-4091-B9DC-D517C902B014}.Release|Any CPU.Build.0 = Release|Any CPU
		{E7D1659C-DEEC-4696-95B9-B0673F92C13F}.Debug|Any CPU.ActiveCfg = Debug|Any CPU
		{E7D1659C-DEEC-4696-95B9-B0673F92C13F}.Debug|Any CPU.Build.0 = Debug|Any CPU
		{E7D1659C-DEEC-4696-95B9-B0673F92C13F}.Release|Any CPU.ActiveCfg = Release|Any CPU
		{E7D1659C-DEEC-4696-95B9-B0673F92C13F}.Release|Any CPU.Build.0 = Release|Any CPU
		{09DCF29B-037A-4FEA-8EC0-3164FEE53F50}.Debug|Any CPU.ActiveCfg = Debug|Any CPU
		{09DCF29B-037A-4FEA-8EC0-3164FEE53F50}.Debug|Any CPU.Build.0 = Debug|Any CPU
		{09DCF29B-037A-4FEA-8EC0-3164FEE53F50}.Release|Any CPU.ActiveCfg = Release|Any CPU
		{09DCF29B-037A-4FEA-8EC0-3164FEE53F50}.Release|Any CPU.Build.0 = Release|Any CPU
		{BE5A0B7C-B18C-4770-A30D-C648612E6B48}.Debug|Any CPU.ActiveCfg = Debug|Any CPU
		{BE5A0B7C-B18C-4770-A30D-C648612E6B48}.Debug|Any CPU.Build.0 = Debug|Any CPU
		{BE5A0B7C-B18C-4770-A30D-C648612E6B48}.Release|Any CPU.ActiveCfg = Release|Any CPU
		{BE5A0B7C-B18C-4770-A30D-C648612E6B48}.Release|Any CPU.Build.0 = Release|Any CPU
		{28211AA5-A97A-4B0E-944D-B5D8E8D84E9A}.Debug|Any CPU.ActiveCfg = Debug|Any CPU
		{28211AA5-A97A-4B0E-944D-B5D8E8D84E9A}.Debug|Any CPU.Build.0 = Debug|Any CPU
		{28211AA5-A97A-4B0E-944D-B5D8E8D84E9A}.Release|Any CPU.ActiveCfg = Release|Any CPU
		{28211AA5-A97A-4B0E-944D-B5D8E8D84E9A}.Release|Any CPU.Build.0 = Release|Any CPU
		{CAF33C0E-1046-420C-B115-A54032978EB1}.Debug|Any CPU.ActiveCfg = Debug|Any CPU
		{CAF33C0E-1046-420C-B115-A54032978EB1}.Debug|Any CPU.Build.0 = Debug|Any CPU
		{CAF33C0E-1046-420C-B115-A54032978EB1}.Release|Any CPU.ActiveCfg = Release|Any CPU
		{CAF33C0E-1046-420C-B115-A54032978EB1}.Release|Any CPU.Build.0 = Release|Any CPU
		{866123C8-3767-4B2E-9B0C-190C0C06D42D}.Debug|Any CPU.ActiveCfg = Debug|Any CPU
		{866123C8-3767-4B2E-9B0C-190C0C06D42D}.Debug|Any CPU.Build.0 = Debug|Any CPU
		{866123C8-3767-4B2E-9B0C-190C0C06D42D}.Release|Any CPU.ActiveCfg = Release|Any CPU
		{866123C8-3767-4B2E-9B0C-190C0C06D42D}.Release|Any CPU.Build.0 = Release|Any CPU
		{18A9E4EE-C784-444D-B658-F980212EB8D4}.Debug|Any CPU.ActiveCfg = Debug|Any CPU
		{18A9E4EE-C784-444D-B658-F980212EB8D4}.Debug|Any CPU.Build.0 = Debug|Any CPU
		{18A9E4EE-C784-444D-B658-F980212EB8D4}.Release|Any CPU.ActiveCfg = Release|Any CPU
		{18A9E4EE-C784-444D-B658-F980212EB8D4}.Release|Any CPU.Build.0 = Release|Any CPU
		{0F67BD8B-E424-4F0F-B798-0C185C11064D}.Debug|Any CPU.ActiveCfg = Debug|Any CPU
		{0F67BD8B-E424-4F0F-B798-0C185C11064D}.Debug|Any CPU.Build.0 = Debug|Any CPU
		{0F67BD8B-E424-4F0F-B798-0C185C11064D}.Release|Any CPU.ActiveCfg = Release|Any CPU
		{0F67BD8B-E424-4F0F-B798-0C185C11064D}.Release|Any CPU.Build.0 = Release|Any CPU
		{983FE680-BD2D-4BAE-9092-4DFEC04C4A44}.Debug|Any CPU.ActiveCfg = Debug|Any CPU
		{983FE680-BD2D-4BAE-9092-4DFEC04C4A44}.Debug|Any CPU.Build.0 = Debug|Any CPU
		{983FE680-BD2D-4BAE-9092-4DFEC04C4A44}.Release|Any CPU.ActiveCfg = Release|Any CPU
		{983FE680-BD2D-4BAE-9092-4DFEC04C4A44}.Release|Any CPU.Build.0 = Release|Any CPU
		{0723E0FA-BA7F-44AC-9EDE-2FA143317850}.Debug|Any CPU.ActiveCfg = Debug|Any CPU
		{0723E0FA-BA7F-44AC-9EDE-2FA143317850}.Debug|Any CPU.Build.0 = Debug|Any CPU
		{0723E0FA-BA7F-44AC-9EDE-2FA143317850}.Release|Any CPU.ActiveCfg = Release|Any CPU
		{0723E0FA-BA7F-44AC-9EDE-2FA143317850}.Release|Any CPU.Build.0 = Release|Any CPU
		{B94A69AD-CF33-439F-B0E3-35CA3EFEB9B7}.Debug|Any CPU.ActiveCfg = Debug|Any CPU
		{B94A69AD-CF33-439F-B0E3-35CA3EFEB9B7}.Debug|Any CPU.Build.0 = Debug|Any CPU
		{B94A69AD-CF33-439F-B0E3-35CA3EFEB9B7}.Release|Any CPU.ActiveCfg = Release|Any CPU
		{B94A69AD-CF33-439F-B0E3-35CA3EFEB9B7}.Release|Any CPU.Build.0 = Release|Any CPU
		{AFD7A43E-8498-4E86-A461-EF1440D2F12E}.Debug|Any CPU.ActiveCfg = Debug|Any CPU
		{AFD7A43E-8498-4E86-A461-EF1440D2F12E}.Debug|Any CPU.Build.0 = Debug|Any CPU
		{AFD7A43E-8498-4E86-A461-EF1440D2F12E}.Release|Any CPU.ActiveCfg = Release|Any CPU
		{AFD7A43E-8498-4E86-A461-EF1440D2F12E}.Release|Any CPU.Build.0 = Release|Any CPU
		{199CCDC9-1795-4DBA-8E67-39ADF7B416A5}.Debug|Any CPU.ActiveCfg = Debug|Any CPU
		{199CCDC9-1795-4DBA-8E67-39ADF7B416A5}.Debug|Any CPU.Build.0 = Debug|Any CPU
		{199CCDC9-1795-4DBA-8E67-39ADF7B416A5}.Release|Any CPU.ActiveCfg = Release|Any CPU
		{199CCDC9-1795-4DBA-8E67-39ADF7B416A5}.Release|Any CPU.Build.0 = Release|Any CPU
		{BB672971-724E-444C-BD91-81F2A8F7C3F8}.Debug|Any CPU.ActiveCfg = Debug|Any CPU
		{BB672971-724E-444C-BD91-81F2A8F7C3F8}.Debug|Any CPU.Build.0 = Debug|Any CPU
		{BB672971-724E-444C-BD91-81F2A8F7C3F8}.Release|Any CPU.ActiveCfg = Release|Any CPU
		{BB672971-724E-444C-BD91-81F2A8F7C3F8}.Release|Any CPU.Build.0 = Release|Any CPU
		{480A3DD1-FF9E-4030-AAFF-27A12553EDF0}.Debug|Any CPU.ActiveCfg = Debug|Any CPU
		{480A3DD1-FF9E-4030-AAFF-27A12553EDF0}.Debug|Any CPU.Build.0 = Debug|Any CPU
		{480A3DD1-FF9E-4030-AAFF-27A12553EDF0}.Release|Any CPU.ActiveCfg = Release|Any CPU
		{480A3DD1-FF9E-4030-AAFF-27A12553EDF0}.Release|Any CPU.Build.0 = Release|Any CPU
		{DD8A2601-2CC1-4288-8C89-E2C4E5DC1A75}.Debug|Any CPU.ActiveCfg = Debug|Any CPU
		{DD8A2601-2CC1-4288-8C89-E2C4E5DC1A75}.Debug|Any CPU.Build.0 = Debug|Any CPU
		{DD8A2601-2CC1-4288-8C89-E2C4E5DC1A75}.Release|Any CPU.ActiveCfg = Release|Any CPU
		{DD8A2601-2CC1-4288-8C89-E2C4E5DC1A75}.Release|Any CPU.Build.0 = Release|Any CPU
	EndGlobalSection
	GlobalSection(SolutionProperties) = preSolution
		HideSolutionNode = FALSE
	EndGlobalSection
	GlobalSection(ExtensibilityGlobals) = postSolution
		SolutionGuid = {F4AAE6BE-B513-40CC-A4BC-83CD83EB794F}
	EndGlobalSection
EndGlobal
