
Microsoft Visual Studio Solution File, Format Version 12.00
# Visual Studio Version 17
VisualStudioVersion = 17.5.002.0
MinimumVisualStudioVersion = 10.0.40219.1
Project("{9A19103F-16F7-4668-BE54-9A1E7A4F7556}") = "Ders10_YardımcıManevratikKomutlar", "Ders10_YardımcıManevratikKomutlar\Ders10_YardımcıManevratikKomutlar.csproj", "{0F67BD8B-E424-4F0F-B798-0C185C11064D}"
EndProject
Project("{9A19103F-16F7-4668-BE54-9A1E7A4F7556}") = "Ders11_Diziler", "Ders11_Diziler\Ders11_Diziler.csproj", "{983FE680-BD2D-4BAE-9092-4DFEC04C4A44}"
EndProject
Project("{9A19103F-16F7-4668-BE54-9A1E7A4F7556}") = "Ders12_StringTuru", "Ders12_StringTuru\Ders12_StringTuru.csproj", "{0723E0FA-BA7F-44AC-9EDE-2FA143317850}"
EndProject
Project("{9A19103F-16F7-4668-BE54-9A1E7A4F7556}") = "Ders13_DizilerdeVeriselPerformans", "Ders13_DizilerdeVeriselPerformans\Ders13_DizilerdeVeriselPerformans.csproj", "{B94A69AD-CF33-439F-B0E3-35CA3EFEB9B7}"
EndProject
Project("{9A19103F-16F7-4668-BE54-9A1E7A4F7556}") = "Ders14_SpanMemoryTurleri", "Ders14_SpanMemoryTurleri\Ders14_SpanMemoryTurleri.csproj", "{AFD7A43E-8498-4E86-A461-EF1440D2F12E}"
EndProject
Project("{9A19103F-16F7-4668-BE54-9A1E7A4F7556}") = "Ders15_RegularExpressions", "Ders15_RegularExpressions\Ders15_RegularExpressions.csproj", "{199CCDC9-1795-4DBA-8E67-39ADF7B416A5}"
EndProject
Project("{9A19103F-16F7-4668-BE54-9A1E7A4F7556}") = "Ders16_Koleksiyonlar", "Ders16_Koleksiyonlar\Ders16_Koleksiyonlar.csproj", "{BB672971-724E-444C-BD91-81F2A8F7C3F8}"
EndProject
Project("{9A19103F-16F7-4668-BE54-9A1E7A4F7556}") = "Ders17_Iterasyon", "Ders17_Iterasyon\Ders17_Iterasyon.csproj", "{480A3DD1-FF9E-4030-AAFF-27A12553EDF0}"
EndProject
Project("{9A19103F-16F7-4668-BE54-9A1E7A4F7556}") = "Ders18_HazirSinifVeFonksiyonlar", "Ders18_HazirSinifVeFonksiyonlar\Ders18_HazirSinifVeFonksiyonlar.csproj", "{DD8A2601-2CC1-4288-8C89-E2C4E5DC1A75}"
EndProject
Project("{9A19103F-16F7-4668-BE54-9A1E7A4F7556}") = "Ders19_Metotlar", "Ders19_Metotlar\Ders19_Metotlar.csproj", "{C794B06A-4D9E-4702-AA1D-F29D23C3E9BE}"
EndProject
Project("{9A19103F-16F7-4668-BE54-9A1E7A4F7556}") = "Ders00_GirisVeEkstralar", "Ders00_GirisVeEkstralar\Ders00_GirisVeEkstralar.csproj", "{248D2122-6C0B-49A7-AD96-51E544C2F5EF}"
EndProject
Project("{9A19103F-16F7-4668-BE54-9A1E7A4F7556}") = "Ders01_MainNedir", "Ders01_MainNedir\Ders01_MainNedir.csproj", "{968F32D9-6EDD-4ED9-A254-F5073C83A603}"
EndProject
Project("{9A19103F-16F7-4668-BE54-9A1E7A4F7556}") = "Ders02_Degiskenler", "Ders02_Degiskenler\Ders02_Degiskenler.csproj", "{74BB336E-BB60-46FB-B837-1807B9249F1D}"
EndProject
Project("{9A19103F-16F7-4668-BE54-9A1E7A4F7556}") = "Ders03_KodKonsepti", "Ders03_KodKonsepti\Ders03_KodKonsepti.csproj", "{E7175BC4-C356-408D-A08E-753E092E2B2D}"
EndProject
Project("{9A19103F-16F7-4668-BE54-9A1E7A4F7556}") = "Ders04_TurDonusumleri", "Ders04_TurDonusumleri\Ders04_TurDonusumleri.csproj", "{6007FB87-E9F0-438E-B772-A790EA8F1326}"
EndProject
Project("{9A19103F-16F7-4668-BE54-9A1E7A4F7556}") = "Ders05_Operatorler", "Ders05_Operatorler\Ders05_Operatorler.csproj", "{70236CB3-1556-4F19-AFCE-6AAFC44372A2}"
EndProject
Project("{9A19103F-16F7-4668-BE54-9A1E7A4F7556}") = "Ders06_AkisKontrolMekanizmalari", "Ders06_AkisKontrolMekanizmalari\Ders06_AkisKontrolMekanizmalari.csproj", "{96A4995C-B7C4-4289-88FA-5ABF354CB81D}"
EndProject
Project("{9A19103F-16F7-4668-BE54-9A1E7A4F7556}") = "Ders07_HataKontrolMekanizmalari", "Ders07_HataKontrolMekanizmalari\Ders07_HataKontrolMekanizmalari.csproj", "{0C8002B9-D678-4F70-82E2-0CFE8A52360A}"
EndProject
Project("{9A19103F-16F7-4668-BE54-9A1E7A4F7556}") = "Ders08_Donguler", "Ders08_Donguler\Ders08_Donguler.csproj", "{3744CAF8-45DF-40EB-9577-CD4928E580DA}"
EndProject
Project("{9A19103F-16F7-4668-BE54-9A1E7A4F7556}") = "Ders09_Keywordler", "Ders09_Keywordler\Ders09_Keywordler.csproj", "{52F9D4EC-A3F4-4BF8-80F5-9977729D4A18}"
EndProject
Global
	GlobalSection(SolutionConfigurationPlatforms) = preSolution
		Debug|Any CPU = Debug|Any CPU
		Release|Any CPU = Release|Any CPU
	EndGlobalSection
	GlobalSection(ProjectConfigurationPlatforms) = postSolution
		{0F67BD8B-E424-4F0F-B798-0C185C11064D}.Debug|Any CPU.ActiveCfg = Debug|Any CPU
		{0F67BD8B-E424-4F0F-B798-0C185C11064D}.Debug|Any CPU.Build.0 = Debug|Any CPU
		{0F67BD8B-E424-4F0F-B798-0C185C11064D}.Release|Any CPU.ActiveCfg = Release|Any CPU
		{0F67BD8B-E424-4F0F-B798-0C185C11064D}.Release|Any CPU.Build.0 = Release|Any CPU
		{983FE680-BD2D-4BAE-9092-4DFEC04C4A44}.Debug|Any CPU.ActiveCfg = Debug|Any CPU
		{983FE680-BD2D-4BAE-9092-4DFEC04C4A44}.Debug|Any CPU.Build.0 = Debug|Any CPU
		{983FE680-BD2D-4BAE-9092-4DFEC04C4A44}.Release|Any CPU.ActiveCfg = Release|Any CPU
		{983FE680-BD2D-4BAE-9092-4DFEC04C4A44}.Release|Any CPU.Build.0 = Release|Any CPU
		{0723E0FA-BA7F-44AC-9EDE-2FA143317850}.Debug|Any CPU.ActiveCfg = Debug|Any CPU
		{0723E0FA-BA7F-44AC-9EDE-2FA143317850}.Debug|Any CPU.Build.0 = Debug|Any CPU
		{0723E0FA-BA7F-44AC-9EDE-2FA143317850}.Release|Any CPU.ActiveCfg = Release|Any CPU
		{0723E0FA-BA7F-44AC-9EDE-2FA143317850}.Release|Any CPU.Build.0 = Release|Any CPU
		{B94A69AD-CF33-439F-B0E3-35CA3EFEB9B7}.Debug|Any CPU.ActiveCfg = Debug|Any CPU
		{B94A69AD-CF33-439F-B0E3-35CA3EFEB9B7}.Debug|Any CPU.Build.0 = Debug|Any CPU
		{B94A69AD-CF33-439F-B0E3-35CA3EFEB9B7}.Release|Any CPU.ActiveCfg = Release|Any CPU
		{B94A69AD-CF33-439F-B0E3-35CA3EFEB9B7}.Release|Any CPU.Build.0 = Release|Any CPU
		{AFD7A43E-8498-4E86-A461-EF1440D2F12E}.Debug|Any CPU.ActiveCfg = Debug|Any CPU
		{AFD7A43E-8498-4E86-A461-EF1440D2F12E}.Debug|Any CPU.Build.0 = Debug|Any CPU
		{AFD7A43E-8498-4E86-A461-EF1440D2F12E}.Release|Any CPU.ActiveCfg = Release|Any CPU
		{AFD7A43E-8498-4E86-A461-EF1440D2F12E}.Release|Any CPU.Build.0 = Release|Any CPU
		{199CCDC9-1795-4DBA-8E67-39ADF7B416A5}.Debug|Any CPU.ActiveCfg = Debug|Any CPU
		{199CCDC9-1795-4DBA-8E67-39ADF7B416A5}.Debug|Any CPU.Build.0 = Debug|Any CPU
		{199CCDC9-1795-4DBA-8E67-39ADF7B416A5}.Release|Any CPU.ActiveCfg = Release|Any CPU
		{199CCDC9-1795-4DBA-8E67-39ADF7B416A5}.Release|Any CPU.Build.0 = Release|Any CPU
		{BB672971-724E-444C-BD91-81F2A8F7C3F8}.Debug|Any CPU.ActiveCfg = Debug|Any CPU
		{BB672971-724E-444C-BD91-81F2A8F7C3F8}.Debug|Any CPU.Build.0 = Debug|Any CPU
		{BB672971-724E-444C-BD91-81F2A8F7C3F8}.Release|Any CPU.ActiveCfg = Release|Any CPU
		{BB672971-724E-444C-BD91-81F2A8F7C3F8}.Release|Any CPU.Build.0 = Release|Any CPU
		{480A3DD1-FF9E-4030-AAFF-27A12553EDF0}.Debug|Any CPU.ActiveCfg = Debug|Any CPU
		{480A3DD1-FF9E-4030-AAFF-27A12553EDF0}.Debug|Any CPU.Build.0 = Debug|Any CPU
		{480A3DD1-FF9E-4030-AAFF-27A12553EDF0}.Release|Any CPU.ActiveCfg = Release|Any CPU
		{480A3DD1-FF9E-4030-AAFF-27A12553EDF0}.Release|Any CPU.Build.0 = Release|Any CPU
		{DD8A2601-2CC1-4288-8C89-E2C4E5DC1A75}.Debug|Any CPU.ActiveCfg = Debug|Any CPU
		{DD8A2601-2CC1-4288-8C89-E2C4E5DC1A75}.Debug|Any CPU.Build.0 = Debug|Any CPU
		{DD8A2601-2CC1-4288-8C89-E2C4E5DC1A75}.Release|Any CPU.ActiveCfg = Release|Any CPU
		{DD8A2601-2CC1-4288-8C89-E2C4E5DC1A75}.Release|Any CPU.Build.0 = Release|Any CPU
		{C794B06A-4D9E-4702-AA1D-F29D23C3E9BE}.Debug|Any CPU.ActiveCfg = Debug|Any CPU
		{C794B06A-4D9E-4702-AA1D-F29D23C3E9BE}.Debug|Any CPU.Build.0 = Debug|Any CPU
		{C794B06A-4D9E-4702-AA1D-F29D23C3E9BE}.Release|Any CPU.ActiveCfg = Release|Any CPU
		{C794B06A-4D9E-4702-AA1D-F29D23C3E9BE}.Release|Any CPU.Build.0 = Release|Any CPU
		{248D2122-6C0B-49A7-AD96-51E544C2F5EF}.Debug|Any CPU.ActiveCfg = Debug|Any CPU
		{248D2122-6C0B-49A7-AD96-51E544C2F5EF}.Debug|Any CPU.Build.0 = Debug|Any CPU
		{248D2122-6C0B-49A7-AD96-51E544C2F5EF}.Release|Any CPU.ActiveCfg = Release|Any CPU
		{248D2122-6C0B-49A7-AD96-51E544C2F5EF}.Release|Any CPU.Build.0 = Release|Any CPU
		{968F32D9-6EDD-4ED9-A254-F5073C83A603}.Debug|Any CPU.ActiveCfg = Debug|Any CPU
		{968F32D9-6EDD-4ED9-A254-F5073C83A603}.Debug|Any CPU.Build.0 = Debug|Any CPU
		{968F32D9-6EDD-4ED9-A254-F5073C83A603}.Release|Any CPU.ActiveCfg = Release|Any CPU
		{968F32D9-6EDD-4ED9-A254-F5073C83A603}.Release|Any CPU.Build.0 = Release|Any CPU
		{74BB336E-BB60-46FB-B837-1807B9249F1D}.Debug|Any CPU.ActiveCfg = Debug|Any CPU
		{74BB336E-BB60-46FB-B837-1807B9249F1D}.Debug|Any CPU.Build.0 = Debug|Any CPU
		{74BB336E-BB60-46FB-B837-1807B9249F1D}.Release|Any CPU.ActiveCfg = Release|Any CPU
		{74BB336E-BB60-46FB-B837-1807B9249F1D}.Release|Any CPU.Build.0 = Release|Any CPU
		{E7175BC4-C356-408D-A08E-753E092E2B2D}.Debug|Any CPU.ActiveCfg = Debug|Any CPU
		{E7175BC4-C356-408D-A08E-753E092E2B2D}.Debug|Any CPU.Build.0 = Debug|Any CPU
		{E7175BC4-C356-408D-A08E-753E092E2B2D}.Release|Any CPU.ActiveCfg = Release|Any CPU
		{E7175BC4-C356-408D-A08E-753E092E2B2D}.Release|Any CPU.Build.0 = Release|Any CPU
		{6007FB87-E9F0-438E-B772-A790EA8F1326}.Debug|Any CPU.ActiveCfg = Debug|Any CPU
		{6007FB87-E9F0-438E-B772-A790EA8F1326}.Debug|Any CPU.Build.0 = Debug|Any CPU
		{6007FB87-E9F0-438E-B772-A790EA8F1326}.Release|Any CPU.ActiveCfg = Release|Any CPU
		{6007FB87-E9F0-438E-B772-A790EA8F1326}.Release|Any CPU.Build.0 = Release|Any CPU
		{70236CB3-1556-4F19-AFCE-6AAFC44372A2}.Debug|Any CPU.ActiveCfg = Debug|Any CPU
		{70236CB3-1556-4F19-AFCE-6AAFC44372A2}.Debug|Any CPU.Build.0 = Debug|Any CPU
		{70236CB3-1556-4F19-AFCE-6AAFC44372A2}.Release|Any CPU.ActiveCfg = Release|Any CPU
		{70236CB3-1556-4F19-AFCE-6AAFC44372A2}.Release|Any CPU.Build.0 = Release|Any CPU
		{96A4995C-B7C4-4289-88FA-5ABF354CB81D}.Debug|Any CPU.ActiveCfg = Debug|Any CPU
		{96A4995C-B7C4-4289-88FA-5ABF354CB81D}.Debug|Any CPU.Build.0 = Debug|Any CPU
		{96A4995C-B7C4-4289-88FA-5ABF354CB81D}.Release|Any CPU.ActiveCfg = Release|Any CPU
		{96A4995C-B7C4-4289-88FA-5ABF354CB81D}.Release|Any CPU.Build.0 = Release|Any CPU
		{0C8002B9-D678-4F70-82E2-0CFE8A52360A}.Debug|Any CPU.ActiveCfg = Debug|Any CPU
		{0C8002B9-D678-4F70-82E2-0CFE8A52360A}.Debug|Any CPU.Build.0 = Debug|Any CPU
		{0C8002B9-D678-4F70-82E2-0CFE8A52360A}.Release|Any CPU.ActiveCfg = Release|Any CPU
		{0C8002B9-D678-4F70-82E2-0CFE8A52360A}.Release|Any CPU.Build.0 = Release|Any CPU
		{3744CAF8-45DF-40EB-9577-CD4928E580DA}.Debug|Any CPU.ActiveCfg = Debug|Any CPU
		{3744CAF8-45DF-40EB-9577-CD4928E580DA}.Debug|Any CPU.Build.0 = Debug|Any CPU
		{3744CAF8-45DF-40EB-9577-CD4928E580DA}.Release|Any CPU.ActiveCfg = Release|Any CPU
		{3744CAF8-45DF-40EB-9577-CD4928E580DA}.Release|Any CPU.Build.0 = Release|Any CPU
		{52F9D4EC-A3F4-4BF8-80F5-9977729D4A18}.Debug|Any CPU.ActiveCfg = Debug|Any CPU
		{52F9D4EC-A3F4-4BF8-80F5-9977729D4A18}.Debug|Any CPU.Build.0 = Debug|Any CPU
		{52F9D4EC-A3F4-4BF8-80F5-9977729D4A18}.Release|Any CPU.ActiveCfg = Release|Any CPU
		{52F9D4EC-A3F4-4BF8-80F5-9977729D4A18}.Release|Any CPU.Build.0 = Release|Any CPU
	EndGlobalSection
	GlobalSection(SolutionProperties) = preSolution
		HideSolutionNode = FALSE
	EndGlobalSection
	GlobalSection(ExtensibilityGlobals) = postSolution
		SolutionGuid = {F4AAE6BE-B513-40CC-A4BC-83CD83EB794F}
	EndGlobalSection
EndGlobal
